
Microsoft Visual Studio Solution File, Format Version 12.00
# Visual Studio Version 17
VisualStudioVersion = 17.14.36603.0
MinimumVisualStudioVersion = 10.0.40219.1
Project("{FAE04EC0-301F-11D3-BF4B-00C04F79EFBC}") = "Acudir.Api", "Acudir.Api\Acudir.Api.csproj", "{1E4FE294-C77D-4192-8E09-5D4FB141E2F6}"
EndProject
Project("{FAE04EC0-301F-11D3-BF4B-00C04F79EFBC}") = "Acudir.Domain", "Acudir.Domain\Acudir.Domain.csproj", "{C7E3EA71-A15D-4C8A-82B7-E817356E5D40}"
EndProject
Project("{FAE04EC0-301F-11D3-BF4B-00C04F79EFBC}") = "Acudir.Infrastructure", "Acudir.Infrastructure\Acudir.Infrastructure.csproj", "{A1CC175A-A073-4396-AA1F-2E8E152FAE11}"
EndProject
Project("{54A90642-561A-4BB1-A94E-469ADEE60C69}") = "Acudir.Web", "Web\Acudir.Web.esproj", "{7D128133-D57F-C939-CFF4-334A9B8DF362}"
EndProject
Global
	GlobalSection(SolutionConfigurationPlatforms) = preSolution
		Debug|Any CPU = Debug|Any CPU
		Release|Any CPU = Release|Any CPU
	EndGlobalSection
	GlobalSection(ProjectConfigurationPlatforms) = postSolution
		{1E4FE294-C77D-4192-8E09-5D4FB141E2F6}.Debug|Any CPU.ActiveCfg = Debug|Any CPU
		{1E4FE294-C77D-4192-8E09-5D4FB141E2F6}.Debug|Any CPU.Build.0 = Debug|Any CPU
		{1E4FE294-C77D-4192-8E09-5D4FB141E2F6}.Release|Any CPU.ActiveCfg = Release|Any CPU
		{1E4FE294-C77D-4192-8E09-5D4FB141E2F6}.Release|Any CPU.Build.0 = Release|Any CPU
		{C7E3EA71-A15D-4C8A-82B7-E817356E5D40}.Debug|Any CPU.ActiveCfg = Debug|Any CPU
		{C7E3EA71-A15D-4C8A-82B7-E817356E5D40}.Debug|Any CPU.Build.0 = Debug|Any CPU
		{C7E3EA71-A15D-4C8A-82B7-E817356E5D40}.Release|Any CPU.ActiveCfg = Release|Any CPU
		{C7E3EA71-A15D-4C8A-82B7-E817356E5D40}.Release|Any CPU.Build.0 = Release|Any CPU
		{A1CC175A-A073-4396-AA1F-2E8E152FAE11}.Debug|Any CPU.ActiveCfg = Debug|Any CPU
		{A1CC175A-A073-4396-AA1F-2E8E152FAE11}.Debug|Any CPU.Build.0 = Debug|Any CPU
		{A1CC175A-A073-4396-AA1F-2E8E152FAE11}.Release|Any CPU.ActiveCfg = Release|Any CPU
		{A1CC175A-A073-4396-AA1F-2E8E152FAE11}.Release|Any CPU.Build.0 = Release|Any CPU
		{7D128133-D57F-C939-CFF4-334A9B8DF362}.Debug|Any CPU.ActiveCfg = Debug|Any CPU
		{7D128133-D57F-C939-CFF4-334A9B8DF362}.Debug|Any CPU.Build.0 = Debug|Any CPU
		{7D128133-D57F-C939-CFF4-334A9B8DF362}.Debug|Any CPU.Deploy.0 = Debug|Any CPU
		{7D128133-D57F-C939-CFF4-334A9B8DF362}.Release|Any CPU.ActiveCfg = Release|Any CPU
		{7D128133-D57F-C939-CFF4-334A9B8DF362}.Release|Any CPU.Build.0 = Release|Any CPU
		{7D128133-D57F-C939-CFF4-334A9B8DF362}.Release|Any CPU.Deploy.0 = Release|Any CPU
	EndGlobalSection
	GlobalSection(SolutionProperties) = preSolution
		HideSolutionNode = FALSE
	EndGlobalSection
	GlobalSection(ExtensibilityGlobals) = postSolution
		SolutionGuid = {F4CFE2B9-EF38-44F2-A500-F78A014D0DD7}
	EndGlobalSection
EndGlobal
